
Microsoft Visual Studio Solution File, Format Version 12.00
# Visual Studio Version 16
VisualStudioVersion = 16.0.31613.86
MinimumVisualStudioVersion = 10.0.40219.1
Project("{FAE04EC0-301F-11D3-BF4B-00C04F79EFBC}") = "CSharp Getters and Setters", "CSharp Getters and Setters\CSharp Getters and Setters.csproj", "{B1D2042E-C04C-4CD9-923D-BC184689689D}"
EndProject
Global
	GlobalSection(SolutionConfigurationPlatforms) = preSolution
		Debug|Any CPU = Debug|Any CPU
		Release|Any CPU = Release|Any CPU
	EndGlobalSection
	GlobalSection(ProjectConfigurationPlatforms) = postSolution
		{B1D2042E-C04C-4CD9-923D-BC184689689D}.Debug|Any CPU.ActiveCfg = Debug|Any CPU
		{B1D2042E-C04C-4CD9-923D-BC184689689D}.Debug|Any CPU.Build.0 = Debug|Any CPU
		{B1D2042E-C04C-4CD9-923D-BC184689689D}.Release|Any CPU.ActiveCfg = Release|Any CPU
		{B1D2042E-C04C-4CD9-923D-BC184689689D}.Release|Any CPU.Build.0 = Release|Any CPU
	EndGlobalSection
	GlobalSection(SolutionProperties) = preSolution
		HideSolutionNode = FALSE
	EndGlobalSection
	GlobalSection(ExtensibilityGlobals) = postSolution
		SolutionGuid = {7346335E-6320-4A06-A2D5-625CA041DBA8}
	EndGlobalSection
EndGlobal
