
Microsoft Visual Studio Solution File, Format Version 12.00
# Visual Studio Version 16
VisualStudioVersion = 16.0.31613.86
MinimumVisualStudioVersion = 10.0.40219.1
Project("{FAE04EC0-301F-11D3-BF4B-00C04F79EFBC}") = "CSharp Classes", "CSharp Classes\CSharp Classes.csproj", "{7C04D9B6-0FC7-45CE-B7F2-C0FC2B971994}"
EndProject
Global
	GlobalSection(SolutionConfigurationPlatforms) = preSolution
		Debug|Any CPU = Debug|Any CPU
		Release|Any CPU = Release|Any CPU
	EndGlobalSection
	GlobalSection(ProjectConfigurationPlatforms) = postSolution
		{7C04D9B6-0FC7-45CE-B7F2-C0FC2B971994}.Debug|Any CPU.ActiveCfg = Debug|Any CPU
		{7C04D9B6-0FC7-45CE-B7F2-C0FC2B971994}.Debug|Any CPU.Build.0 = Debug|Any CPU
		{7C04D9B6-0FC7-45CE-B7F2-C0FC2B971994}.Release|Any CPU.ActiveCfg = Release|Any CPU
		{7C04D9B6-0FC7-45CE-B7F2-C0FC2B971994}.Release|Any CPU.Build.0 = Release|Any CPU
	EndGlobalSection
	GlobalSection(SolutionProperties) = preSolution
		HideSolutionNode = FALSE
	EndGlobalSection
	GlobalSection(ExtensibilityGlobals) = postSolution
		SolutionGuid = {A61F5B9E-262F-42BE-9305-533DC0C8A860}
	EndGlobalSection
EndGlobal
