
Microsoft Visual Studio Solution File, Format Version 12.00
# Visual Studio Version 16
VisualStudioVersion = 16.0.31613.86
MinimumVisualStudioVersion = 10.0.40219.1
Project("{FAE04EC0-301F-11D3-BF4B-00C04F79EFBC}") = "CSharp User Input", "CSharp User Input\CSharp User Input.csproj", "{3873B2AE-155D-4616-90DE-A0B2929FF8B9}"
EndProject
Global
	GlobalSection(SolutionConfigurationPlatforms) = preSolution
		Debug|Any CPU = Debug|Any CPU
		Release|Any CPU = Release|Any CPU
	EndGlobalSection
	GlobalSection(ProjectConfigurationPlatforms) = postSolution
		{3873B2AE-155D-4616-90DE-A0B2929FF8B9}.Debug|Any CPU.ActiveCfg = Debug|Any CPU
		{3873B2AE-155D-4616-90DE-A0B2929FF8B9}.Debug|Any CPU.Build.0 = Debug|Any CPU
		{3873B2AE-155D-4616-90DE-A0B2929FF8B9}.Release|Any CPU.ActiveCfg = Release|Any CPU
		{3873B2AE-155D-4616-90DE-A0B2929FF8B9}.Release|Any CPU.Build.0 = Release|Any CPU
	EndGlobalSection
	GlobalSection(SolutionProperties) = preSolution
		HideSolutionNode = FALSE
	EndGlobalSection
	GlobalSection(ExtensibilityGlobals) = postSolution
		SolutionGuid = {9E69CF91-B830-4399-9149-2AD1BEE2AF0E}
	EndGlobalSection
EndGlobal
