
Microsoft Visual Studio Solution File, Format Version 12.00
# Visual Studio Version 16
VisualStudioVersion = 16.0.31613.86
MinimumVisualStudioVersion = 10.0.40219.1
Project("{FAE04EC0-301F-11D3-BF4B-00C04F79EFBC}") = "CSharp Params Keyword", "CSharp Params Keyword\CSharp Params Keyword.csproj", "{6321789A-3134-4583-BA83-A8B8FFA30486}"
EndProject
Global
	GlobalSection(SolutionConfigurationPlatforms) = preSolution
		Debug|Any CPU = Debug|Any CPU
		Release|Any CPU = Release|Any CPU
	EndGlobalSection
	GlobalSection(ProjectConfigurationPlatforms) = postSolution
		{6321789A-3134-4583-BA83-A8B8FFA30486}.Debug|Any CPU.ActiveCfg = Debug|Any CPU
		{6321789A-3134-4583-BA83-A8B8FFA30486}.Debug|Any CPU.Build.0 = Debug|Any CPU
		{6321789A-3134-4583-BA83-A8B8FFA30486}.Release|Any CPU.ActiveCfg = Release|Any CPU
		{6321789A-3134-4583-BA83-A8B8FFA30486}.Release|Any CPU.Build.0 = Release|Any CPU
	EndGlobalSection
	GlobalSection(SolutionProperties) = preSolution
		HideSolutionNode = FALSE
	EndGlobalSection
	GlobalSection(ExtensibilityGlobals) = postSolution
		SolutionGuid = {1BA8C0F5-7313-4B3B-9156-57CCF42B0034}
	EndGlobalSection
EndGlobal
