
Microsoft Visual Studio Solution File, Format Version 12.00
# Visual Studio Version 16
VisualStudioVersion = 16.0.31613.86
MinimumVisualStudioVersion = 10.0.40219.1
Project("{FAE04EC0-301F-11D3-BF4B-00C04F79EFBC}") = "CSharp Exception Handling", "CSharp Exception Handling\CSharp Exception Handling.csproj", "{FC611E15-1B48-47FC-962A-4012F14E7CE9}"
EndProject
Global
	GlobalSection(SolutionConfigurationPlatforms) = preSolution
		Debug|Any CPU = Debug|Any CPU
		Release|Any CPU = Release|Any CPU
	EndGlobalSection
	GlobalSection(ProjectConfigurationPlatforms) = postSolution
		{FC611E15-1B48-47FC-962A-4012F14E7CE9}.Debug|Any CPU.ActiveCfg = Debug|Any CPU
		{FC611E15-1B48-47FC-962A-4012F14E7CE9}.Debug|Any CPU.Build.0 = Debug|Any CPU
		{FC611E15-1B48-47FC-962A-4012F14E7CE9}.Release|Any CPU.ActiveCfg = Release|Any CPU
		{FC611E15-1B48-47FC-962A-4012F14E7CE9}.Release|Any CPU.Build.0 = Release|Any CPU
	EndGlobalSection
	GlobalSection(SolutionProperties) = preSolution
		HideSolutionNode = FALSE
	EndGlobalSection
	GlobalSection(ExtensibilityGlobals) = postSolution
		SolutionGuid = {C902F1DE-2826-4E97-BF89-11B797D5DB8A}
	EndGlobalSection
EndGlobal
